// !$*UTF8*$!
{
	archiveVersion = 1;
	classes = {
	};
	objectVersion = 56;
	objects = {

/* Begin PBXBuildFile section */
		017452C42B0E458400326750 /* Extensions.swift in Sources */ = {isa = PBXBuildFile; fileRef = 017452C32B0E458300326750 /* Extensions.swift */; };
		017452CA2B0E46B300326750 /* NMButtonStyle.swift in Sources */ = {isa = PBXBuildFile; fileRef = 017452C92B0E46B300326750 /* NMButtonStyle.swift */; };
		017452CC2B0E51EE00326750 /* NMBackground.swift in Sources */ = {isa = PBXBuildFile; fileRef = 017452CB2B0E51EE00326750 /* NMBackground.swift */; };
		01CFFA442B0DFA1A00D1A9A6 /* DaynightApp.swift in Sources */ = {isa = PBXBuildFile; fileRef = 01CFFA432B0DFA1A00D1A9A6 /* DaynightApp.swift */; };
		01CFFA462B0DFA1A00D1A9A6 /* ContentView.swift in Sources */ = {isa = PBXBuildFile; fileRef = 01CFFA452B0DFA1A00D1A9A6 /* ContentView.swift */; };
		01CFFA482B0DFA1B00D1A9A6 /* Assets.xcassets in Resources */ = {isa = PBXBuildFile; fileRef = 01CFFA472B0DFA1B00D1A9A6 /* Assets.xcassets */; };
		01CFFA4B2B0DFA1B00D1A9A6 /* Preview Assets.xcassets in Resources */ = {isa = PBXBuildFile; fileRef = 01CFFA4A2B0DFA1B00D1A9A6 /* Preview Assets.xcassets */; };
/* End PBXBuildFile section */

/* Begin PBXFileReference section */
		017452C32B0E458300326750 /* Extensions.swift */ = {isa = PBXFileReference; lastKnownFileType = sourcecode.swift; path = Extensions.swift; sourceTree = "<group>"; };
		017452C92B0E46B300326750 /* NMButtonStyle.swift */ = {isa = PBXFileReference; lastKnownFileType = sourcecode.swift; path = NMButtonStyle.swift; sourceTree = "<group>"; };
		017452CB2B0E51EE00326750 /* NMBackground.swift */ = {isa = PBXFileReference; lastKnownFileType = sourcecode.swift; path = NMBackground.swift; sourceTree = "<group>"; };
		01CFFA402B0DFA1A00D1A9A6 /* Daynight.app */ = {isa = PBXFileReference; explicitFileType = wrapper.application; includeInIndex = 0; path = Daynight.app; sourceTree = BUILT_PRODUCTS_DIR; };
		01CFFA432B0DFA1A00D1A9A6 /* DaynightApp.swift */ = {isa = PBXFileReference; lastKnownFileType = sourcecode.swift; path = DaynightApp.swift; sourceTree = "<group>"; };
		01CFFA452B0DFA1A00D1A9A6 /* ContentView.swift */ = {isa = PBXFileReference; lastKnownFileType = sourcecode.swift; path = ContentView.swift; sourceTree = "<group>"; };
		01CFFA472B0DFA1B00D1A9A6 /* Assets.xcassets */ = {isa = PBXFileReference; lastKnownFileType = folder.assetcatalog; path = Assets.xcassets; sourceTree = "<group>"; };
		01CFFA4A2B0DFA1B00D1A9A6 /* Preview Assets.xcassets */ = {isa = PBXFileReference; lastKnownFileType = folder.assetcatalog; path = "Preview Assets.xcassets"; sourceTree = "<group>"; };
/* End PBXFileReference section */

/* Begin PBXFrameworksBuildPhase section */
		01CFFA3D2B0DFA1A00D1A9A6 /* Frameworks */ = {
			isa = PBXFrameworksBuildPhase;
			buildActionMask = 2147483647;
			files = (
			);
			runOnlyForDeploymentPostprocessing = 0;
		};
/* End PBXFrameworksBuildPhase section */

/* Begin PBXGroup section */
		017452C52B0E458D00326750 /* Utils */ = {
			isa = PBXGroup;
			children = (
				017452C32B0E458300326750 /* Extensions.swift */,
			);
			path = Utils;
			sourceTree = "<group>";
		};
		017452C62B0E45C000326750 /* Views */ = {
			isa = PBXGroup;
			children = (
				01CFFA452B0DFA1A00D1A9A6 /* ContentView.swift */,
				017452C92B0E46B300326750 /* NMButtonStyle.swift */,
				017452CB2B0E51EE00326750 /* NMBackground.swift */,
			);
			path = Views;
			sourceTree = "<group>";
		};
		01CFFA372B0DFA1A00D1A9A6 = {
			isa = PBXGroup;
			children = (
				01CFFA422B0DFA1A00D1A9A6 /* Daynight */,
				01CFFA412B0DFA1A00D1A9A6 /* Products */,
			);
			sourceTree = "<group>";
		};
		01CFFA412B0DFA1A00D1A9A6 /* Products */ = {
			isa = PBXGroup;
			children = (
				01CFFA402B0DFA1A00D1A9A6 /* Daynight.app */,
			);
			name = Products;
			sourceTree = "<group>";
		};
		01CFFA422B0DFA1A00D1A9A6 /* Daynight */ = {
			isa = PBXGroup;
			children = (
				01CFFA432B0DFA1A00D1A9A6 /* DaynightApp.swift */,
				017452C52B0E458D00326750 /* Utils */,
				017452C62B0E45C000326750 /* Views */,
				01CFFA472B0DFA1B00D1A9A6 /* Assets.xcassets */,
				01CFFA492B0DFA1B00D1A9A6 /* Preview Content */,
			);
			path = Daynight;
			sourceTree = "<group>";
		};
		01CFFA492B0DFA1B00D1A9A6 /* Preview Content */ = {
			isa = PBXGroup;
			children = (
				01CFFA4A2B0DFA1B00D1A9A6 /* Preview Assets.xcassets */,
			);
			path = "Preview Content";
			sourceTree = "<group>";
		};
/* End PBXGroup section */

/* Begin PBXNativeTarget section */
		01CFFA3F2B0DFA1A00D1A9A6 /* Daynight */ = {
			isa = PBXNativeTarget;
			buildConfigurationList = 01CFFA4E2B0DFA1B00D1A9A6 /* Build configuration list for PBXNativeTarget "Daynight" */;
			buildPhases = (
				01CFFA3C2B0DFA1A00D1A9A6 /* Sources */,
				01CFFA3D2B0DFA1A00D1A9A6 /* Frameworks */,
				01CFFA3E2B0DFA1A00D1A9A6 /* Resources */,
			);
			buildRules = (
			);
			dependencies = (
			);
			name = Daynight;
			productName = Daynight;
			productReference = 01CFFA402B0DFA1A00D1A9A6 /* Daynight.app */;
			productType = "com.apple.product-type.application";
		};
/* End PBXNativeTarget section */

/* Begin PBXProject section */
		01CFFA382B0DFA1A00D1A9A6 /* Project object */ = {
			isa = PBXProject;
			attributes = {
				BuildIndependentTargetsInParallel = 1;
				LastSwiftUpdateCheck = 1500;
				LastUpgradeCheck = 1500;
				TargetAttributes = {
					01CFFA3F2B0DFA1A00D1A9A6 = {
						CreatedOnToolsVersion = 15.0.1;
					};
				};
			};
			buildConfigurationList = 01CFFA3B2B0DFA1A00D1A9A6 /* Build configuration list for PBXProject "Daynight" */;
			compatibilityVersion = "Xcode 14.0";
			developmentRegion = en;
			hasScannedForEncodings = 0;
			knownRegions = (
				en,
				Base,
			);
			mainGroup = 01CFFA372B0DFA1A00D1A9A6;
			productRefGroup = 01CFFA412B0DFA1A00D1A9A6 /* Products */;
			projectDirPath = "";
			projectRoot = "";
			targets = (
				01CFFA3F2B0DFA1A00D1A9A6 /* Daynight */,
			);
		};
/* End PBXProject section */

/* Begin PBXResourcesBuildPhase section */
		01CFFA3E2B0DFA1A00D1A9A6 /* Resources */ = {
			isa = PBXResourcesBuildPhase;
			buildActionMask = 2147483647;
			files = (
				01CFFA4B2B0DFA1B00D1A9A6 /* Preview Assets.xcassets in Resources */,
				01CFFA482B0DFA1B00D1A9A6 /* Assets.xcassets in Resources */,
			);
			runOnlyForDeploymentPostprocessing = 0;
		};
/* End PBXResourcesBuildPhase section */

/* Begin PBXSourcesBuildPhase section */
		01CFFA3C2B0DFA1A00D1A9A6 /* Sources */ = {
			isa = PBXSourcesBuildPhase;
			buildActionMask = 2147483647;
			files = (
				01CFFA462B0DFA1A00D1A9A6 /* ContentView.swift in Sources */,
				017452C42B0E458400326750 /* Extensions.swift in Sources */,
				01CFFA442B0DFA1A00D1A9A6 /* DaynightApp.swift in Sources */,
				017452CC2B0E51EE00326750 /* NMBackground.swift in Sources */,
				017452CA2B0E46B300326750 /* NMButtonStyle.swift in Sources */,
			);
			runOnlyForDeploymentPostprocessing = 0;
		};
/* End PBXSourcesBuildPhase section */

/* Begin XCBuildConfiguration section */
		01CFFA4C2B0DFA1B00D1A9A6 /* Debug */ = {
			isa = XCBuildConfiguration;
			buildSettings = {
				ALWAYS_SEARCH_USER_PATHS = NO;
				ASSETCATALOG_COMPILER_GENERATE_SWIFT_ASSET_SYMBOL_EXTENSIONS = YES;
				CLANG_ANALYZER_NONNULL = YES;
				CLANG_ANALYZER_NUMBER_OBJECT_CONVERSION = YES_AGGRESSIVE;
				CLANG_CXX_LANGUAGE_STANDARD = "gnu++20";
				CLANG_ENABLE_MODULES = YES;
				CLANG_ENABLE_OBJC_ARC = YES;
				CLANG_ENABLE_OBJC_WEAK = YES;
				CLANG_WARN_BLOCK_CAPTURE_AUTORELEASING = YES;
				CLANG_WARN_BOOL_CONVERSION = YES;
				CLANG_WARN_COMMA = YES;
				CLANG_WARN_CONSTANT_CONVERSION = YES;
				CLANG_WARN_DEPRECATED_OBJC_IMPLEMENTATIONS = YES;
				CLANG_WARN_DIRECT_OBJC_ISA_USAGE = YES_ERROR;
				CLANG_WARN_DOCUMENTATION_COMMENTS = YES;
				CLANG_WARN_EMPTY_BODY = YES;
				CLANG_WARN_ENUM_CONVERSION = YES;
				CLANG_WARN_INFINITE_RECURSION = YES;
				CLANG_WARN_INT_CONVERSION = YES;
				CLANG_WARN_NON_LITERAL_NULL_CONVERSION = YES;
				CLANG_WARN_OBJC_IMPLICIT_RETAIN_SELF = YES;
				CLANG_WARN_OBJC_LITERAL_CONVERSION = YES;
				CLANG_WARN_OBJC_ROOT_CLASS = YES_ERROR;
				CLANG_WARN_QUOTED_INCLUDE_IN_FRAMEWORK_HEADER = YES;
				CLANG_WARN_RANGE_LOOP_ANALYSIS = YES;
				CLANG_WARN_STRICT_PROTOTYPES = YES;
				CLANG_WARN_SUSPICIOUS_MOVE = YES;
				CLANG_WARN_UNGUARDED_AVAILABILITY = YES_AGGRESSIVE;
				CLANG_WARN_UNREACHABLE_CODE = YES;
				CLANG_WARN__DUPLICATE_METHOD_MATCH = YES;
				COPY_PHASE_STRIP = NO;
				DEBUG_INFORMATION_FORMAT = dwarf;
				ENABLE_STRICT_OBJC_MSGSEND = YES;
				ENABLE_TESTABILITY = YES;
				ENABLE_USER_SCRIPT_SANDBOXING = YES;
				GCC_C_LANGUAGE_STANDARD = gnu17;
				GCC_DYNAMIC_NO_PIC = NO;
				GCC_NO_COMMON_BLOCKS = YES;
				GCC_OPTIMIZATION_LEVEL = 0;
				GCC_PREPROCESSOR_DEFINITIONS = (
					"DEBUG=1",
					"$(inherited)",
				);
				GCC_WARN_64_TO_32_BIT_CONVERSION = YES;
				GCC_WARN_ABOUT_RETURN_TYPE = YES_ERROR;
				GCC_WARN_UNDECLARED_SELECTOR = YES;
				GCC_WARN_UNINITIALIZED_AUTOS = YES_AGGRESSIVE;
				GCC_WARN_UNUSED_FUNCTION = YES;
				GCC_WARN_UNUSED_VARIABLE = YES;
				IPHONEOS_DEPLOYMENT_TARGET = 17.0;
				LOCALIZATION_PREFERS_STRING_CATALOGS = YES;
				MTL_ENABLE_DEBUG_INFO = INCLUDE_SOURCE;
				MTL_FAST_MATH = YES;
				ONLY_ACTIVE_ARCH = YES;
				SDKROOT = iphoneos;
				SWIFT_ACTIVE_COMPILATION_CONDITIONS = "DEBUG $(inherited)";
				SWIFT_OPTIMIZATION_LEVEL = "-Onone";
			};
			name = Debug;
		};
		01CFFA4D2B0DFA1B00D1A9A6 /* Release */ = {
			isa = XCBuildConfiguration;
			buildSettings = {
				ALWAYS_SEARCH_USER_PATHS = NO;
				ASSETCATALOG_COMPILER_GENERATE_SWIFT_ASSET_SYMBOL_EXTENSIONS = YES;
				CLANG_ANALYZER_NONNULL = YES;
				CLANG_ANALYZER_NUMBER_OBJECT_CONVERSION = YES_AGGRESSIVE;
				CLANG_CXX_LANGUAGE_STANDARD = "gnu++20";
				CLANG_ENABLE_MODULES = YES;
				CLANG_ENABLE_OBJC_ARC = YES;
				CLANG_ENABLE_OBJC_WEAK = YES;
				CLANG_WARN_BLOCK_CAPTURE_AUTORELEASING = YES;
				CLANG_WARN_BOOL_CONVERSION = YES;
				CLANG_WARN_COMMA = YES;
				CLANG_WARN_CONSTANT_CONVERSION = YES;
				CLANG_WARN_DEPRECATED_OBJC_IMPLEMENTATIONS = YES;
				CLANG_WARN_DIRECT_OBJC_ISA_USAGE = YES_ERROR;
				CLANG_WARN_DOCUMENTATION_COMMENTS = YES;
				CLANG_WARN_EMPTY_BODY = YES;
				CLANG_WARN_ENUM_CONVERSION = YES;
				CLANG_WARN_INFINITE_RECURSION = YES;
				CLANG_WARN_INT_CONVERSION = YES;
				CLANG_WARN_NON_LITERAL_NULL_CONVERSION = YES;
				CLANG_WARN_OBJC_IMPLICIT_RETAIN_SELF = YES;
				CLANG_WARN_OBJC_LITERAL_CONVERSION = YES;
				CLANG_WARN_OBJC_ROOT_CLASS = YES_ERROR;
				CLANG_WARN_QUOTED_INCLUDE_IN_FRAMEWORK_HEADER = YES;
				CLANG_WARN_RANGE_LOOP_ANALYSIS = YES;
				CLANG_WARN_STRICT_PROTOTYPES = YES;
				CLANG_WARN_SUSPICIOUS_MOVE = YES;
				CLANG_WARN_UNGUARDED_AVAILABILITY = YES_AGGRESSIVE;
				CLANG_WARN_UNREACHABLE_CODE = YES;
				CLANG_WARN__DUPLICATE_METHOD_MATCH = YES;
				COPY_PHASE_STRIP = NO;
				DEBUG_INFORMATION_FORMAT = "dwarf-with-dsym";
				ENABLE_NS_ASSERTIONS = NO;
				ENABLE_STRICT_OBJC_MSGSEND = YES;
				ENABLE_USER_SCRIPT_SANDBOXING = YES;
				GCC_C_LANGUAGE_STANDARD = gnu17;
				GCC_NO_COMMON_BLOCKS = YES;
				GCC_WARN_64_TO_32_BIT_CONVERSION = YES;
				GCC_WARN_ABOUT_RETURN_TYPE = YES_ERROR;
				GCC_WARN_UNDECLARED_SELECTOR = YES;
				GCC_WARN_UNINITIALIZED_AUTOS = YES_AGGRESSIVE;
				GCC_WARN_UNUSED_FUNCTION = YES;
				GCC_WARN_UNUSED_VARIABLE = YES;
				IPHONEOS_DEPLOYMENT_TARGET = 17.0;
				LOCALIZATION_PREFERS_STRING_CATALOGS = YES;
				MTL_ENABLE_DEBUG_INFO = NO;
				MTL_FAST_MATH = YES;
				SDKROOT = iphoneos;
				SWIFT_COMPILATION_MODE = wholemodule;
				VALIDATE_PRODUCT = YES;
			};
			name = Release;
		};
		01CFFA4F2B0DFA1B00D1A9A6 /* Debug */ = {
			isa = XCBuildConfiguration;
			buildSettings = {
				ASSETCATALOG_COMPILER_APPICON_NAME = AppIcon;
				ASSETCATALOG_COMPILER_GLOBAL_ACCENT_COLOR_NAME = AccentColor;
				CODE_SIGN_STYLE = Automatic;
				CURRENT_PROJECT_VERSION = 1;
				DEVELOPMENT_ASSET_PATHS = "\"Daynight/Preview Content\"";
				ENABLE_PREVIEWS = YES;
				GENERATE_INFOPLIST_FILE = YES;
				INFOPLIST_KEY_UIApplicationSceneManifest_Generation = YES;
				INFOPLIST_KEY_UIApplicationSupportsIndirectInputEvents = YES;
				INFOPLIST_KEY_UILaunchScreen_Generation = YES;
				INFOPLIST_KEY_UISupportedInterfaceOrientations_iPad = "UIInterfaceOrientationPortrait UIInterfaceOrientationPortraitUpsideDown UIInterfaceOrientationLandscapeLeft UIInterfaceOrientationLandscapeRight";
				INFOPLIST_KEY_UISupportedInterfaceOrientations_iPhone = "UIInterfaceOrientationPortrait UIInterfaceOrientationLandscapeLeft UIInterfaceOrientationLandscapeRight";
				LD_RUNPATH_SEARCH_PATHS = (
					"$(inherited)",
					"@executable_path/Frameworks",
				);
				MARKETING_VERSION = 1.0;
				PRODUCT_BUNDLE_IDENTIFIER = io.gemstud.Daynight;
				PRODUCT_NAME = "$(TARGET_NAME)";
				SWIFT_EMIT_LOC_STRINGS = YES;
				SWIFT_VERSION = 5.0;
				TARGETED_DEVICE_FAMILY = "1,2";
			};
			name = Debug;
		};
		01CFFA502B0DFA1B00D1A9A6 /* Release */ = {
			isa = XCBuildConfiguration;
			buildSettings = {
				ASSETCATALOG_COMPILER_APPICON_NAME = AppIcon;
				ASSETCATALOG_COMPILER_GLOBAL_ACCENT_COLOR_NAME = AccentColor;
				CODE_SIGN_STYLE = Automatic;
				CURRENT_PROJECT_VERSION = 1;
				DEVELOPMENT_ASSET_PATHS = "\"Daynight/Preview Content\"";
				ENABLE_PREVIEWS = YES;
				GENERATE_INFOPLIST_FILE = YES;
				INFOPLIST_KEY_UIApplicationSceneManifest_Generation = YES;
				INFOPLIST_KEY_UIApplicationSupportsIndirectInputEvents = YES;
				INFOPLIST_KEY_UILaunchScreen_Generation = YES;
				INFOPLIST_KEY_UISupportedInterfaceOrientations_iPad = "UIInterfaceOrientationPortrait UIInterfaceOrientationPortraitUpsideDown UIInterfaceOrientationLandscapeLeft UIInterfaceOrientationLandscapeRight";
				INFOPLIST_KEY_UISupportedInterfaceOrientations_iPhone = "UIInterfaceOrientationPortrait UIInterfaceOrientationLandscapeLeft UIInterfaceOrientationLandscapeRight";
				LD_RUNPATH_SEARCH_PATHS = (
					"$(inherited)",
					"@executable_path/Frameworks",
				);
				MARKETING_VERSION = 1.0;
				PRODUCT_BUNDLE_IDENTIFIER = io.gemstud.Daynight;
				PRODUCT_NAME = "$(TARGET_NAME)";
				SWIFT_EMIT_LOC_STRINGS = YES;
				SWIFT_VERSION = 5.0;
				TARGETED_DEVICE_FAMILY = "1,2";
			};
			name = Release;
		};
/* End XCBuildConfiguration section */

/* Begin XCConfigurationList section */
		01CFFA3B2B0DFA1A00D1A9A6 /* Build configuration list for PBXProject "Daynight" */ = {
			isa = XCConfigurationList;
			buildConfigurations = (
				01CFFA4C2B0DFA1B00D1A9A6 /* Debug */,
				01CFFA4D2B0DFA1B00D1A9A6 /* Release */,
			);
			defaultConfigurationIsVisible = 0;
			defaultConfigurationName = Release;
		};
		01CFFA4E2B0DFA1B00D1A9A6 /* Build configuration list for PBXNativeTarget "Daynight" */ = {
			isa = XCConfigurationList;
			buildConfigurations = (
				01CFFA4F2B0DFA1B00D1A9A6 /* Debug */,
				01CFFA502B0DFA1B00D1A9A6 /* Release */,
			);
			defaultConfigurationIsVisible = 0;
			defaultConfigurationName = Release;
		};
/* End XCConfigurationList section */
	};
	rootObject = 01CFFA382B0DFA1A00D1A9A6 /* Project object */;
}
